// !$*UTF8*$!
{
	archiveVersion = 1;
	classes = {
	};
	objectVersion = 56;
	objects = {

/* Begin PBXBuildFile section */
		C3F9F31B2AD4B7800048D802 /* EmojiArtApp.swift in Sources */ = {isa = PBXBuildFile; fileRef = C3F9F31A2AD4B7800048D802 /* EmojiArtApp.swift */; };
		C3F9F31F2AD4B7810048D802 /* Assets.xcassets in Resources */ = {isa = PBXBuildFile; fileRef = C3F9F31E2AD4B7810048D802 /* Assets.xcassets */; };
		C3F9F3222AD4B7810048D802 /* Preview Assets.xcassets in Resources */ = {isa = PBXBuildFile; fileRef = C3F9F3212AD4B7810048D802 /* Preview Assets.xcassets */; };
		C3F9F3292AD4B80F0048D802 /* EmojiArt.swift in Sources */ = {isa = PBXBuildFile; fileRef = C3F9F3282AD4B80F0048D802 /* EmojiArt.swift */; };
		C3F9F3332AD761AF0048D802 /* Sturldata.swift in Sources */ = {isa = PBXBuildFile; fileRef = C3F9F3322AD761AF0048D802 /* Sturldata.swift */; };
		C3F9F3372ADA08530048D802 /* Palette.swift in Sources */ = {isa = PBXBuildFile; fileRef = C3F9F3362ADA08530048D802 /* Palette.swift */; };
		C3F9F3392ADA08740048D802 /* PaletteStore.swift in Sources */ = {isa = PBXBuildFile; fileRef = C3F9F3382ADA08740048D802 /* PaletteStore.swift */; };
		C3F9F33B2ADEF7D20048D802 /* PaletteChooser.swift in Sources */ = {isa = PBXBuildFile; fileRef = C3F9F33A2ADEF7D20048D802 /* PaletteChooser.swift */; };
		C3F9F33D2AE203830048D802 /* PaletteEditor.swift in Sources */ = {isa = PBXBuildFile; fileRef = C3F9F33C2AE203830048D802 /* PaletteEditor.swift */; };
		C3F9F33F2AE21D160048D802 /* PaletteList.swift in Sources */ = {isa = PBXBuildFile; fileRef = C3F9F33E2AE21D160048D802 /* PaletteList.swift */; };
		C3F9F3412AE2246E0048D802 /* PaletteManager.swift in Sources */ = {isa = PBXBuildFile; fileRef = C3F9F3402AE2246E0048D802 /* PaletteManager.swift */; };
		C3F9F3462AEDC9370048D802 /* EmojiArtDocumentView.swift in Sources */ = {isa = PBXBuildFile; fileRef = C3F9F3452AEDC9370048D802 /* EmojiArtDocumentView.swift */; };
		C3F9F3482AEDC97D0048D802 /* EmojiArtDocument.swift in Sources */ = {isa = PBXBuildFile; fileRef = C3F9F3472AEDC97D0048D802 /* EmojiArtDocument.swift */; };
		C3F9F34A2AEDC99F0048D802 /* Extensions.swift in Sources */ = {isa = PBXBuildFile; fileRef = C3F9F3492AEDC99F0048D802 /* Extensions.swift */; };
/* End PBXBuildFile section */

/* Begin PBXFileReference section */
		C3F9F3172AD4B7800048D802 /* EmojiArt.app */ = {isa = PBXFileReference; explicitFileType = wrapper.application; includeInIndex = 0; path = EmojiArt.app; sourceTree = BUILT_PRODUCTS_DIR; };
		C3F9F31A2AD4B7800048D802 /* EmojiArtApp.swift */ = {isa = PBXFileReference; lastKnownFileType = sourcecode.swift; path = EmojiArtApp.swift; sourceTree = "<group>"; };
		C3F9F31E2AD4B7810048D802 /* Assets.xcassets */ = {isa = PBXFileReference; lastKnownFileType = folder.assetcatalog; path = Assets.xcassets; sourceTree = "<group>"; };
		C3F9F3212AD4B7810048D802 /* Preview Assets.xcassets */ = {isa = PBXFileReference; lastKnownFileType = folder.assetcatalog; path = "Preview Assets.xcassets"; sourceTree = "<group>"; };
		C3F9F3282AD4B80F0048D802 /* EmojiArt.swift */ = {isa = PBXFileReference; lastKnownFileType = sourcecode.swift; path = EmojiArt.swift; sourceTree = "<group>"; };
		C3F9F3322AD761AF0048D802 /* Sturldata.swift */ = {isa = PBXFileReference; fileEncoding = 4; lastKnownFileType = sourcecode.swift; path = Sturldata.swift; sourceTree = "<group>"; };
		C3F9F3362ADA08530048D802 /* Palette.swift */ = {isa = PBXFileReference; fileEncoding = 4; lastKnownFileType = sourcecode.swift; path = Palette.swift; sourceTree = "<group>"; };
		C3F9F3382ADA08740048D802 /* PaletteStore.swift */ = {isa = PBXFileReference; lastKnownFileType = sourcecode.swift; path = PaletteStore.swift; sourceTree = "<group>"; };
		C3F9F33A2ADEF7D20048D802 /* PaletteChooser.swift */ = {isa = PBXFileReference; lastKnownFileType = sourcecode.swift; path = PaletteChooser.swift; sourceTree = "<group>"; };
		C3F9F33C2AE203830048D802 /* PaletteEditor.swift */ = {isa = PBXFileReference; lastKnownFileType = sourcecode.swift; path = PaletteEditor.swift; sourceTree = "<group>"; };
		C3F9F33E2AE21D160048D802 /* PaletteList.swift */ = {isa = PBXFileReference; lastKnownFileType = sourcecode.swift; path = PaletteList.swift; sourceTree = "<group>"; };
		C3F9F3402AE2246E0048D802 /* PaletteManager.swift */ = {isa = PBXFileReference; lastKnownFileType = sourcecode.swift; path = PaletteManager.swift; sourceTree = "<group>"; };
		C3F9F3442AE9C5B80048D802 /* Info.plist */ = {isa = PBXFileReference; lastKnownFileType = text.plist; path = Info.plist; sourceTree = "<group>"; };
		C3F9F3452AEDC9370048D802 /* EmojiArtDocumentView.swift */ = {isa = PBXFileReference; fileEncoding = 4; lastKnownFileType = sourcecode.swift; path = EmojiArtDocumentView.swift; sourceTree = "<group>"; };
		C3F9F3472AEDC97D0048D802 /* EmojiArtDocument.swift */ = {isa = PBXFileReference; fileEncoding = 4; lastKnownFileType = sourcecode.swift; path = EmojiArtDocument.swift; sourceTree = "<group>"; };
		C3F9F3492AEDC99F0048D802 /* Extensions.swift */ = {isa = PBXFileReference; fileEncoding = 4; lastKnownFileType = sourcecode.swift; path = Extensions.swift; sourceTree = "<group>"; };
/* End PBXFileReference section */

/* Begin PBXFrameworksBuildPhase section */
		C3F9F3142AD4B7800048D802 /* Frameworks */ = {
			isa = PBXFrameworksBuildPhase;
			buildActionMask = 2147483647;
			files = (
			);
			runOnlyForDeploymentPostprocessing = 0;
		};
/* End PBXFrameworksBuildPhase section */

/* Begin PBXGroup section */
		C3F9F30E2AD4B7800048D802 = {
			isa = PBXGroup;
			children = (
				C3F9F3192AD4B7800048D802 /* EmojiArt */,
				C3F9F3182AD4B7800048D802 /* Products */,
			);
			sourceTree = "<group>";
		};
		C3F9F3182AD4B7800048D802 /* Products */ = {
			isa = PBXGroup;
			children = (
				C3F9F3172AD4B7800048D802 /* EmojiArt.app */,
			);
			name = Products;
			sourceTree = "<group>";
		};
		C3F9F3192AD4B7800048D802 /* EmojiArt */ = {
			isa = PBXGroup;
			children = (
				C3F9F3442AE9C5B80048D802 /* Info.plist */,
				C3F9F31A2AD4B7800048D802 /* EmojiArtApp.swift */,
				C3F9F3282AD4B80F0048D802 /* EmojiArt.swift */,
				C3F9F3472AEDC97D0048D802 /* EmojiArtDocument.swift */,
				C3F9F3452AEDC9370048D802 /* EmojiArtDocumentView.swift */,
				C3F9F3362ADA08530048D802 /* Palette.swift */,
				C3F9F3382ADA08740048D802 /* PaletteStore.swift */,
				C3F9F33A2ADEF7D20048D802 /* PaletteChooser.swift */,
				C3F9F33E2AE21D160048D802 /* PaletteList.swift */,
				C3F9F3402AE2246E0048D802 /* PaletteManager.swift */,
				C3F9F33C2AE203830048D802 /* PaletteEditor.swift */,
				C3F9F3322AD761AF0048D802 /* Sturldata.swift */,
				C3F9F3492AEDC99F0048D802 /* Extensions.swift */,
				C3F9F31E2AD4B7810048D802 /* Assets.xcassets */,
				C3F9F3202AD4B7810048D802 /* Preview Content */,
			);
			path = EmojiArt;
			sourceTree = "<group>";
		};
		C3F9F3202AD4B7810048D802 /* Preview Content */ = {
			isa = PBXGroup;
			children = (
				C3F9F3212AD4B7810048D802 /* Preview Assets.xcassets */,
			);
			path = "Preview Content";
			sourceTree = "<group>";
		};
/* End PBXGroup section */

/* Begin PBXNativeTarget section */
		C3F9F3162AD4B7800048D802 /* EmojiArt */ = {
			isa = PBXNativeTarget;
			buildConfigurationList = C3F9F3252AD4B7810048D802 /* Build configuration list for PBXNativeTarget "EmojiArt" */;
			buildPhases = (
				C3F9F3132AD4B7800048D802 /* Sources */,
				C3F9F3142AD4B7800048D802 /* Frameworks */,
				C3F9F3152AD4B7800048D802 /* Resources */,
			);
			buildRules = (
			);
			dependencies = (
			);
			name = EmojiArt;
			productName = EmojiArt;
			productReference = C3F9F3172AD4B7800048D802 /* EmojiArt.app */;
			productType = "com.apple.product-type.application";
		};
/* End PBXNativeTarget section */

/* Begin PBXProject section */
		C3F9F30F2AD4B7800048D802 /* Project object */ = {
			isa = PBXProject;
			attributes = {
				BuildIndependentTargetsInParallel = 1;
				LastSwiftUpdateCheck = 1430;
				LastUpgradeCheck = 1430;
				TargetAttributes = {
					C3F9F3162AD4B7800048D802 = {
						CreatedOnToolsVersion = 14.3.1;
					};
				};
			};
			buildConfigurationList = C3F9F3122AD4B7800048D802 /* Build configuration list for PBXProject "EmojiArt" */;
			compatibilityVersion = "Xcode 14.0";
			developmentRegion = en;
			hasScannedForEncodings = 0;
			knownRegions = (
				en,
				Base,
			);
			mainGroup = C3F9F30E2AD4B7800048D802;
			productRefGroup = C3F9F3182AD4B7800048D802 /* Products */;
			projectDirPath = "";
			projectRoot = "";
			targets = (
				C3F9F3162AD4B7800048D802 /* EmojiArt */,
			);
		};
/* End PBXProject section */

/* Begin PBXResourcesBuildPhase section */
		C3F9F3152AD4B7800048D802 /* Resources */ = {
			isa = PBXResourcesBuildPhase;
			buildActionMask = 2147483647;
			files = (
				C3F9F3222AD4B7810048D802 /* Preview Assets.xcassets in Resources */,
				C3F9F31F2AD4B7810048D802 /* Assets.xcassets in Resources */,
			);
			runOnlyForDeploymentPostprocessing = 0;
		};
/* End PBXResourcesBuildPhase section */

/* Begin PBXSourcesBuildPhase section */
		C3F9F3132AD4B7800048D802 /* Sources */ = {
			isa = PBXSourcesBuildPhase;
			buildActionMask = 2147483647;
			files = (
				C3F9F3412AE2246E0048D802 /* PaletteManager.swift in Sources */,
				C3F9F3332AD761AF0048D802 /* Sturldata.swift in Sources */,
				C3F9F3462AEDC9370048D802 /* EmojiArtDocumentView.swift in Sources */,
				C3F9F33F2AE21D160048D802 /* PaletteList.swift in Sources */,
				C3F9F3292AD4B80F0048D802 /* EmojiArt.swift in Sources */,
				C3F9F3392ADA08740048D802 /* PaletteStore.swift in Sources */,
				C3F9F33D2AE203830048D802 /* PaletteEditor.swift in Sources */,
				C3F9F34A2AEDC99F0048D802 /* Extensions.swift in Sources */,
				C3F9F3482AEDC97D0048D802 /* EmojiArtDocument.swift in Sources */,
				C3F9F31B2AD4B7800048D802 /* EmojiArtApp.swift in Sources */,
				C3F9F3372ADA08530048D802 /* Palette.swift in Sources */,
				C3F9F33B2ADEF7D20048D802 /* PaletteChooser.swift in Sources */,
			);
			runOnlyForDeploymentPostprocessing = 0;
		};
/* End PBXSourcesBuildPhase section */

/* Begin XCBuildConfiguration section */
		C3F9F3232AD4B7810048D802 /* Debug */ = {
			isa = XCBuildConfiguration;
			buildSettings = {
				ALWAYS_SEARCH_USER_PATHS = NO;
				CLANG_ANALYZER_NONNULL = YES;
				CLANG_ANALYZER_NUMBER_OBJECT_CONVERSION = YES_AGGRESSIVE;
				CLANG_CXX_LANGUAGE_STANDARD = "gnu++20";
				CLANG_ENABLE_MODULES = YES;
				CLANG_ENABLE_OBJC_ARC = YES;
				CLANG_ENABLE_OBJC_WEAK = YES;
				CLANG_WARN_BLOCK_CAPTURE_AUTORELEASING = YES;
				CLANG_WARN_BOOL_CONVERSION = YES;
				CLANG_WARN_COMMA = YES;
				CLANG_WARN_CONSTANT_CONVERSION = YES;
				CLANG_WARN_DEPRECATED_OBJC_IMPLEMENTATIONS = YES;
				CLANG_WARN_DIRECT_OBJC_ISA_USAGE = YES_ERROR;
				CLANG_WARN_DOCUMENTATION_COMMENTS = YES;
				CLANG_WARN_EMPTY_BODY = YES;
				CLANG_WARN_ENUM_CONVERSION = YES;
				CLANG_WARN_INFINITE_RECURSION = YES;
				CLANG_WARN_INT_CONVERSION = YES;
				CLANG_WARN_NON_LITERAL_NULL_CONVERSION = YES;
				CLANG_WARN_OBJC_IMPLICIT_RETAIN_SELF = YES;
				CLANG_WARN_OBJC_LITERAL_CONVERSION = YES;
				CLANG_WARN_OBJC_ROOT_CLASS = YES_ERROR;
				CLANG_WARN_QUOTED_INCLUDE_IN_FRAMEWORK_HEADER = YES;
				CLANG_WARN_RANGE_LOOP_ANALYSIS = YES;
				CLANG_WARN_STRICT_PROTOTYPES = YES;
				CLANG_WARN_SUSPICIOUS_MOVE = YES;
				CLANG_WARN_UNGUARDED_AVAILABILITY = YES_AGGRESSIVE;
				CLANG_WARN_UNREACHABLE_CODE = YES;
				CLANG_WARN__DUPLICATE_METHOD_MATCH = YES;
				COPY_PHASE_STRIP = NO;
				DEBUG_INFORMATION_FORMAT = dwarf;
				ENABLE_STRICT_OBJC_MSGSEND = YES;
				ENABLE_TESTABILITY = YES;
				GCC_C_LANGUAGE_STANDARD = gnu11;
				GCC_DYNAMIC_NO_PIC = NO;
				GCC_NO_COMMON_BLOCKS = YES;
				GCC_OPTIMIZATION_LEVEL = 0;
				GCC_PREPROCESSOR_DEFINITIONS = (
					"DEBUG=1",
					"$(inherited)",
				);
				GCC_WARN_64_TO_32_BIT_CONVERSION = YES;
				GCC_WARN_ABOUT_RETURN_TYPE = YES_ERROR;
				GCC_WARN_UNDECLARED_SELECTOR = YES;
				GCC_WARN_UNINITIALIZED_AUTOS = YES_AGGRESSIVE;
				GCC_WARN_UNUSED_FUNCTION = YES;
				GCC_WARN_UNUSED_VARIABLE = YES;
				IPHONEOS_DEPLOYMENT_TARGET = 16.4;
				MTL_ENABLE_DEBUG_INFO = INCLUDE_SOURCE;
				MTL_FAST_MATH = YES;
				ONLY_ACTIVE_ARCH = YES;
				SDKROOT = iphoneos;
				SWIFT_ACTIVE_COMPILATION_CONDITIONS = DEBUG;
				SWIFT_OPTIMIZATION_LEVEL = "-Onone";
			};
			name = Debug;
		};
		C3F9F3242AD4B7810048D802 /* Release */ = {
			isa = XCBuildConfiguration;
			buildSettings = {
				ALWAYS_SEARCH_USER_PATHS = NO;
				CLANG_ANALYZER_NONNULL = YES;
				CLANG_ANALYZER_NUMBER_OBJECT_CONVERSION = YES_AGGRESSIVE;
				CLANG_CXX_LANGUAGE_STANDARD = "gnu++20";
				CLANG_ENABLE_MODULES = YES;
				CLANG_ENABLE_OBJC_ARC = YES;
				CLANG_ENABLE_OBJC_WEAK = YES;
				CLANG_WARN_BLOCK_CAPTURE_AUTORELEASING = YES;
				CLANG_WARN_BOOL_CONVERSION = YES;
				CLANG_WARN_COMMA = YES;
				CLANG_WARN_CONSTANT_CONVERSION = YES;
				CLANG_WARN_DEPRECATED_OBJC_IMPLEMENTATIONS = YES;
				CLANG_WARN_DIRECT_OBJC_ISA_USAGE = YES_ERROR;
				CLANG_WARN_DOCUMENTATION_COMMENTS = YES;
				CLANG_WARN_EMPTY_BODY = YES;
				CLANG_WARN_ENUM_CONVERSION = YES;
				CLANG_WARN_INFINITE_RECURSION = YES;
				CLANG_WARN_INT_CONVERSION = YES;
				CLANG_WARN_NON_LITERAL_NULL_CONVERSION = YES;
				CLANG_WARN_OBJC_IMPLICIT_RETAIN_SELF = YES;
				CLANG_WARN_OBJC_LITERAL_CONVERSION = YES;
				CLANG_WARN_OBJC_ROOT_CLASS = YES_ERROR;
				CLANG_WARN_QUOTED_INCLUDE_IN_FRAMEWORK_HEADER = YES;
				CLANG_WARN_RANGE_LOOP_ANALYSIS = YES;
				CLANG_WARN_STRICT_PROTOTYPES = YES;
				CLANG_WARN_SUSPICIOUS_MOVE = YES;
				CLANG_WARN_UNGUARDED_AVAILABILITY = YES_AGGRESSIVE;
				CLANG_WARN_UNREACHABLE_CODE = YES;
				CLANG_WARN__DUPLICATE_METHOD_MATCH = YES;
				COPY_PHASE_STRIP = NO;
				DEBUG_INFORMATION_FORMAT = "dwarf-with-dsym";
				ENABLE_NS_ASSERTIONS = NO;
				ENABLE_STRICT_OBJC_MSGSEND = YES;
				GCC_C_LANGUAGE_STANDARD = gnu11;
				GCC_NO_COMMON_BLOCKS = YES;
				GCC_WARN_64_TO_32_BIT_CONVERSION = YES;
				GCC_WARN_ABOUT_RETURN_TYPE = YES_ERROR;
				GCC_WARN_UNDECLARED_SELECTOR = YES;
				GCC_WARN_UNINITIALIZED_AUTOS = YES_AGGRESSIVE;
				GCC_WARN_UNUSED_FUNCTION = YES;
				GCC_WARN_UNUSED_VARIABLE = YES;
				IPHONEOS_DEPLOYMENT_TARGET = 16.4;
				MTL_ENABLE_DEBUG_INFO = NO;
				MTL_FAST_MATH = YES;
				SDKROOT = iphoneos;
				SWIFT_COMPILATION_MODE = wholemodule;
				SWIFT_OPTIMIZATION_LEVEL = "-O";
				VALIDATE_PRODUCT = YES;
			};
			name = Release;
		};
		C3F9F3262AD4B7810048D802 /* Debug */ = {
			isa = XCBuildConfiguration;
			buildSettings = {
				ASSETCATALOG_COMPILER_APPICON_NAME = AppIcon;
				ASSETCATALOG_COMPILER_GLOBAL_ACCENT_COLOR_NAME = AccentColor;
				CODE_SIGN_STYLE = Automatic;
				CURRENT_PROJECT_VERSION = 1;
				DEVELOPMENT_ASSET_PATHS = "\"EmojiArt/Preview Content\"";
				DEVELOPMENT_TEAM = SBTL2BUZ92;
				ENABLE_PREVIEWS = YES;
				GENERATE_INFOPLIST_FILE = YES;
				INFOPLIST_FILE = EmojiArt/Info.plist;
				INFOPLIST_KEY_UIApplicationSceneManifest_Generation = YES;
				INFOPLIST_KEY_UIApplicationSupportsIndirectInputEvents = YES;
				INFOPLIST_KEY_UILaunchScreen_Generation = YES;
				INFOPLIST_KEY_UISupportedInterfaceOrientations_iPad = "UIInterfaceOrientationPortrait UIInterfaceOrientationPortraitUpsideDown UIInterfaceOrientationLandscapeLeft UIInterfaceOrientationLandscapeRight";
				INFOPLIST_KEY_UISupportedInterfaceOrientations_iPhone = "UIInterfaceOrientationPortrait UIInterfaceOrientationLandscapeLeft UIInterfaceOrientationLandscapeRight";
				INFOPLIST_KEY_UISupportsDocumentBrowser = YES;
				LD_RUNPATH_SEARCH_PATHS = (
					"$(inherited)",
					"@executable_path/Frameworks",
				);
				MARKETING_VERSION = 1.0;
				PRODUCT_BUNDLE_IDENTIFIER = com.koo.jeremy.ios.EmojiArt;
				PRODUCT_NAME = "$(TARGET_NAME)";
				SWIFT_EMIT_LOC_STRINGS = YES;
				SWIFT_VERSION = 5.0;
				TARGETED_DEVICE_FAMILY = "1,2";
			};
			name = Debug;
		};
		C3F9F3272AD4B7810048D802 /* Release */ = {
			isa = XCBuildConfiguration;
			buildSettings = {
				ASSETCATALOG_COMPILER_APPICON_NAME = AppIcon;
				ASSETCATALOG_COMPILER_GLOBAL_ACCENT_COLOR_NAME = AccentColor;
				CODE_SIGN_STYLE = Automatic;
				CURRENT_PROJECT_VERSION = 1;
				DEVELOPMENT_ASSET_PATHS = "\"EmojiArt/Preview Content\"";
				DEVELOPMENT_TEAM = SBTL2BUZ92;
				ENABLE_PREVIEWS = YES;
				GENERATE_INFOPLIST_FILE = YES;
				INFOPLIST_FILE = EmojiArt/Info.plist;
				INFOPLIST_KEY_UIApplicationSceneManifest_Generation = YES;
				INFOPLIST_KEY_UIApplicationSupportsIndirectInputEvents = YES;
				INFOPLIST_KEY_UILaunchScreen_Generation = YES;
				INFOPLIST_KEY_UISupportedInterfaceOrientations_iPad = "UIInterfaceOrientationPortrait UIInterfaceOrientationPortraitUpsideDown UIInterfaceOrientationLandscapeLeft UIInterfaceOrientationLandscapeRight";
				INFOPLIST_KEY_UISupportedInterfaceOrientations_iPhone = "UIInterfaceOrientationPortrait UIInterfaceOrientationLandscapeLeft UIInterfaceOrientationLandscapeRight";
				INFOPLIST_KEY_UISupportsDocumentBrowser = YES;
				LD_RUNPATH_SEARCH_PATHS = (
					"$(inherited)",
					"@executable_path/Frameworks",
				);
				MARKETING_VERSION = 1.0;
				PRODUCT_BUNDLE_IDENTIFIER = com.koo.jeremy.ios.EmojiArt;
				PRODUCT_NAME = "$(TARGET_NAME)";
				SWIFT_EMIT_LOC_STRINGS = YES;
				SWIFT_VERSION = 5.0;
				TARGETED_DEVICE_FAMILY = "1,2";
			};
			name = Release;
		};
/* End XCBuildConfiguration section */

/* Begin XCConfigurationList section */
		C3F9F3122AD4B7800048D802 /* Build configuration list for PBXProject "EmojiArt" */ = {
			isa = XCConfigurationList;
			buildConfigurations = (
				C3F9F3232AD4B7810048D802 /* Debug */,
				C3F9F3242AD4B7810048D802 /* Release */,
			);
			defaultConfigurationIsVisible = 0;
			defaultConfigurationName = Release;
		};
		C3F9F3252AD4B7810048D802 /* Build configuration list for PBXNativeTarget "EmojiArt" */ = {
			isa = XCConfigurationList;
			buildConfigurations = (
				C3F9F3262AD4B7810048D802 /* Debug */,
				C3F9F3272AD4B7810048D802 /* Release */,
			);
			defaultConfigurationIsVisible = 0;
			defaultConfigurationName = Release;
		};
/* End XCConfigurationList section */
	};
	rootObject = C3F9F30F2AD4B7800048D802 /* Project object */;
}
